
Microsoft Visual Studio Solution File, Format Version 12.00
# Visual Studio Version 16
VisualStudioVersion = 16.0.31005.135
MinimumVisualStudioVersion = 10.0.40219.1
Project("{FAE04EC0-301F-11D3-BF4B-00C04F79EFBC}") = "ClientProxyForm-P5-20190140126", "ClientProxyForm-P5-20190140126\ClientProxyForm-P5-20190140126.csproj", "{2B9A082A-BA23-41F7-8DBA-17D8278BA6E3}"
EndProject
Global
	GlobalSection(SolutionConfigurationPlatforms) = preSolution
		Debug|Any CPU = Debug|Any CPU
		Release|Any CPU = Release|Any CPU
	EndGlobalSection
	GlobalSection(ProjectConfigurationPlatforms) = postSolution
		{2B9A082A-BA23-41F7-8DBA-17D8278BA6E3}.Debug|Any CPU.ActiveCfg = Debug|Any CPU
		{2B9A082A-BA23-41F7-8DBA-17D8278BA6E3}.Debug|Any CPU.Build.0 = Debug|Any CPU
		{2B9A082A-BA23-41F7-8DBA-17D8278BA6E3}.Release|Any CPU.ActiveCfg = Release|Any CPU
		{2B9A082A-BA23-41F7-8DBA-17D8278BA6E3}.Release|Any CPU.Build.0 = Release|Any CPU
	EndGlobalSection
	GlobalSection(SolutionProperties) = preSolution
		HideSolutionNode = FALSE
	EndGlobalSection
	GlobalSection(ExtensibilityGlobals) = postSolution
		SolutionGuid = {D34DCAF1-7E77-4EB0-8310-19EA208B154D}
	EndGlobalSection
EndGlobal
